// !$*UTF8*$!
{
	archiveVersion = 1;
	classes = {
	};
	objectVersion = 54;
	objects = {

/* Begin PBXBuildFile section */
		11194D992DA3F8110039AFC3 /* Note.swift in Sources */ = {isa = PBXBuildFile; fileRef = 11194D982DA3F80C0039AFC3 /* Note.swift */; };
		11194D9E2DA3F9600039AFC3 /* NoteService.swift in Sources */ = {isa = PBXBuildFile; fileRef = 11194D9D2DA3F95A0039AFC3 /* NoteService.swift */; };
		11194DA22DA3FA5D0039AFC3 /* MockDataManager.swift in Sources */ = {isa = PBXBuildFile; fileRef = 11194DA12DA3FA590039AFC3 /* MockDataManager.swift */; };
		11194DAD2DA3FBD50039AFC3 /* Home.swift in Sources */ = {isa = PBXBuildFile; fileRef = 11194DAC2DA3FBD50039AFC3 /* Home.swift */; };
		11194DAF2DA3FBFD0039AFC3 /* AppContainer.swift in Sources */ = {isa = PBXBuildFile; fileRef = 11194DAE2DA3FBF80039AFC3 /* AppContainer.swift */; };
		11194DB32DA3FC300039AFC3 /* NoteViewModel.swift in Sources */ = {isa = PBXBuildFile; fileRef = 11194DB12DA3FC250039AFC3 /* NoteViewModel.swift */; };
		11194DB62DA3FD010039AFC3 /* SwiftfulRecursiveUI in Frameworks */ = {isa = PBXBuildFile; productRef = 11194DB52DA3FD010039AFC3 /* SwiftfulRecursiveUI */; };
		11194DB92DA3FD7B0039AFC3 /* SwiftfulRouting in Frameworks */ = {isa = PBXBuildFile; productRef = 11194DB82DA3FD7B0039AFC3 /* SwiftfulRouting */; };
		11194DBB2DA3FE850039AFC3 /* ContentView.swift in Sources */ = {isa = PBXBuildFile; fileRef = 11194DBA2DA3FE850039AFC3 /* ContentView.swift */; };
		11194DBD2DA402A90039AFC3 /* NoteCardView.swift in Sources */ = {isa = PBXBuildFile; fileRef = 11194DBC2DA402A30039AFC3 /* NoteCardView.swift */; };
		11194DC42DA425270039AFC3 /* CreateNoteView.swift in Sources */ = {isa = PBXBuildFile; fileRef = 11194DC32DA4251E0039AFC3 /* CreateNoteView.swift */; };
		11194DC62DA43BDE0039AFC3 /* EditNoteView.swift in Sources */ = {isa = PBXBuildFile; fileRef = 11194DC52DA43BDA0039AFC3 /* EditNoteView.swift */; };
		11199AA12DA5435900C9D115 /* ImageLoader.swift in Sources */ = {isa = PBXBuildFile; fileRef = 11199AA02DA5435300C9D115 /* ImageLoader.swift */; };
		115A96DB2B739F4F00E0566F /* YourNotesApp.swift in Sources */ = {isa = PBXBuildFile; fileRef = 115A96DA2B739F4F00E0566F /* YourNotesApp.swift */; };
		115A96DF2B739F5200E0566F /* Assets.xcassets in Resources */ = {isa = PBXBuildFile; fileRef = 115A96DE2B739F5200E0566F /* Assets.xcassets */; };
		115A96E22B739F5200E0566F /* Preview Assets.xcassets in Resources */ = {isa = PBXBuildFile; fileRef = 115A96E12B739F5200E0566F /* Preview Assets.xcassets */; };
		11DD8FDB2B99053E00B9D544 /* SFSafeSymbols in Frameworks */ = {isa = PBXBuildFile; productRef = 11DD8FDA2B99053E00B9D544 /* SFSafeSymbols */; };
/* End PBXBuildFile section */

/* Begin PBXFileReference section */
		11194D982DA3F80C0039AFC3 /* Note.swift */ = {isa = PBXFileReference; lastKnownFileType = sourcecode.swift; path = Note.swift; sourceTree = "<group>"; };
		11194D9D2DA3F95A0039AFC3 /* NoteService.swift */ = {isa = PBXFileReference; lastKnownFileType = sourcecode.swift; path = NoteService.swift; sourceTree = "<group>"; };
		11194DA12DA3FA590039AFC3 /* MockDataManager.swift */ = {isa = PBXFileReference; lastKnownFileType = sourcecode.swift; path = MockDataManager.swift; sourceTree = "<group>"; };
		11194DAC2DA3FBD50039AFC3 /* Home.swift */ = {isa = PBXFileReference; lastKnownFileType = sourcecode.swift; path = Home.swift; sourceTree = "<group>"; };
		11194DAE2DA3FBF80039AFC3 /* AppContainer.swift */ = {isa = PBXFileReference; lastKnownFileType = sourcecode.swift; path = AppContainer.swift; sourceTree = "<group>"; };
		11194DB12DA3FC250039AFC3 /* NoteViewModel.swift */ = {isa = PBXFileReference; lastKnownFileType = sourcecode.swift; path = NoteViewModel.swift; sourceTree = "<group>"; };
		11194DBA2DA3FE850039AFC3 /* ContentView.swift */ = {isa = PBXFileReference; lastKnownFileType = sourcecode.swift; path = ContentView.swift; sourceTree = "<group>"; };
		11194DBC2DA402A30039AFC3 /* NoteCardView.swift */ = {isa = PBXFileReference; lastKnownFileType = sourcecode.swift; path = NoteCardView.swift; sourceTree = "<group>"; };
		11194DC32DA4251E0039AFC3 /* CreateNoteView.swift */ = {isa = PBXFileReference; lastKnownFileType = sourcecode.swift; path = CreateNoteView.swift; sourceTree = "<group>"; };
		11194DC52DA43BDA0039AFC3 /* EditNoteView.swift */ = {isa = PBXFileReference; lastKnownFileType = sourcecode.swift; path = EditNoteView.swift; sourceTree = "<group>"; };
		11199AA02DA5435300C9D115 /* ImageLoader.swift */ = {isa = PBXFileReference; lastKnownFileType = sourcecode.swift; path = ImageLoader.swift; sourceTree = "<group>"; };
		115A96D72B739F4F00E0566F /* YourNotes.app */ = {isa = PBXFileReference; explicitFileType = wrapper.application; includeInIndex = 0; path = YourNotes.app; sourceTree = BUILT_PRODUCTS_DIR; };
		115A96DA2B739F4F00E0566F /* YourNotesApp.swift */ = {isa = PBXFileReference; lastKnownFileType = sourcecode.swift; path = YourNotesApp.swift; sourceTree = "<group>"; };
		115A96DE2B739F5200E0566F /* Assets.xcassets */ = {isa = PBXFileReference; lastKnownFileType = folder.assetcatalog; path = Assets.xcassets; sourceTree = "<group>"; };
		115A96E12B739F5200E0566F /* Preview Assets.xcassets */ = {isa = PBXFileReference; lastKnownFileType = folder.assetcatalog; path = "Preview Assets.xcassets"; sourceTree = "<group>"; };
		115A96E82B739F5200E0566F /* Info.plist */ = {isa = PBXFileReference; lastKnownFileType = text.plist.xml; path = Info.plist; sourceTree = "<group>"; };
/* End PBXFileReference section */

/* Begin PBXFrameworksBuildPhase section */
		115A96D42B739F4F00E0566F /* Frameworks */ = {
			isa = PBXFrameworksBuildPhase;
			buildActionMask = 2147483647;
			files = (
				11DD8FDB2B99053E00B9D544 /* SFSafeSymbols in Frameworks */,
				11194DB92DA3FD7B0039AFC3 /* SwiftfulRouting in Frameworks */,
				11194DB62DA3FD010039AFC3 /* SwiftfulRecursiveUI in Frameworks */,
			);
			runOnlyForDeploymentPostprocessing = 0;
		};
/* End PBXFrameworksBuildPhase section */

/* Begin PBXGroup section */
		11194D9B2DA3F8E00039AFC3 /* Service */ = {
			isa = PBXGroup;
			children = (
				11194D9D2DA3F95A0039AFC3 /* NoteService.swift */,
			);
			path = Service;
			sourceTree = "<group>";
		};
		11194DA32DA3FB370039AFC3 /* App */ = {
			isa = PBXGroup;
			children = (
				11194DAE2DA3FBF80039AFC3 /* AppContainer.swift */,
				115A96DA2B739F4F00E0566F /* YourNotesApp.swift */,
			);
			path = App;
			sourceTree = "<group>";
		};
		11194DA52DA3FB5D0039AFC3 /* View */ = {
			isa = PBXGroup;
			children = (
				11194DC52DA43BDA0039AFC3 /* EditNoteView.swift */,
				11194DAC2DA3FBD50039AFC3 /* Home.swift */,
				11194DC32DA4251E0039AFC3 /* CreateNoteView.swift */,
				11194DBC2DA402A30039AFC3 /* NoteCardView.swift */,
				11194DBA2DA3FE850039AFC3 /* ContentView.swift */,
			);
			path = View;
			sourceTree = "<group>";
		};
		11194DBF2DA403A80039AFC3 /* ViewModel */ = {
			isa = PBXGroup;
			children = (
				11194DB12DA3FC250039AFC3 /* NoteViewModel.swift */,
			);
			path = ViewModel;
			sourceTree = "<group>";
		};
		11199A9F2DA5434900C9D115 /* Extensions */ = {
			isa = PBXGroup;
			children = (
				11199AA02DA5435300C9D115 /* ImageLoader.swift */,
			);
			path = Extensions;
			sourceTree = "<group>";
		};
		115A96CE2B739F4F00E0566F = {
			isa = PBXGroup;
			children = (
				115A96D92B739F4F00E0566F /* YourNotes */,
				115A96D82B739F4F00E0566F /* Products */,
			);
			sourceTree = "<group>";
		};
		115A96D82B739F4F00E0566F /* Products */ = {
			isa = PBXGroup;
			children = (
				115A96D72B739F4F00E0566F /* YourNotes.app */,
			);
			name = Products;
			sourceTree = "<group>";
		};
		115A96D92B739F4F00E0566F /* YourNotes */ = {
			isa = PBXGroup;
			children = (
				11194DA32DA3FB370039AFC3 /* App */,
				115A96F22B739FEF00E0566F /* Models */,
				11194D9B2DA3F8E00039AFC3 /* Service */,
				11194DBF2DA403A80039AFC3 /* ViewModel */,
				11194DA52DA3FB5D0039AFC3 /* View */,
				11199A9F2DA5434900C9D115 /* Extensions */,
				115A96DE2B739F5200E0566F /* Assets.xcassets */,
				115A96E82B739F5200E0566F /* Info.plist */,
				115A96E02B739F5200E0566F /* Preview Content */,
			);
			path = YourNotes;
			sourceTree = "<group>";
		};
		115A96E02B739F5200E0566F /* Preview Content */ = {
			isa = PBXGroup;
			children = (
				11194DA12DA3FA590039AFC3 /* MockDataManager.swift */,
				115A96E12B739F5200E0566F /* Preview Assets.xcassets */,
			);
			path = "Preview Content";
			sourceTree = "<group>";
		};
		115A96F22B739FEF00E0566F /* Models */ = {
			isa = PBXGroup;
			children = (
				11194D982DA3F80C0039AFC3 /* Note.swift */,
			);
			path = Models;
			sourceTree = "<group>";
		};
/* End PBXGroup section */

/* Begin PBXNativeTarget section */
		115A96D62B739F4F00E0566F /* YourNotes */ = {
			isa = PBXNativeTarget;
			buildConfigurationList = 115A96EB2B739F5200E0566F /* Build configuration list for PBXNativeTarget "YourNotes" */;
			buildPhases = (
				115A96D32B739F4F00E0566F /* Sources */,
				115A96D42B739F4F00E0566F /* Frameworks */,
				115A96D52B739F4F00E0566F /* Resources */,
			);
			buildRules = (
			);
			dependencies = (
			);
			name = YourNotes;
			packageProductDependencies = (
				11DD8FDA2B99053E00B9D544 /* SFSafeSymbols */,
				11194DB52DA3FD010039AFC3 /* SwiftfulRecursiveUI */,
				11194DB82DA3FD7B0039AFC3 /* SwiftfulRouting */,
			);
			productName = YourNotes;
			productReference = 115A96D72B739F4F00E0566F /* YourNotes.app */;
			productType = "com.apple.product-type.application";
		};
/* End PBXNativeTarget section */

/* Begin PBXProject section */
		115A96CF2B739F4F00E0566F /* Project object */ = {
			isa = PBXProject;
			attributes = {
				LastSwiftUpdateCheck = 1240;
				LastUpgradeCheck = 1240;
				TargetAttributes = {
					115A96D62B739F4F00E0566F = {
						CreatedOnToolsVersion = 12.4;
					};
				};
			};
			buildConfigurationList = 115A96D22B739F4F00E0566F /* Build configuration list for PBXProject "YourNotes" */;
			compatibilityVersion = "Xcode 9.3";
			developmentRegion = en;
			hasScannedForEncodings = 0;
			knownRegions = (
				en,
				Base,
			);
			mainGroup = 115A96CE2B739F4F00E0566F;
			packageReferences = (
				11DD8FD92B99053E00B9D544 /* XCRemoteSwiftPackageReference "SFSafeSymbols" */,
				11194DB42DA3FD010039AFC3 /* XCRemoteSwiftPackageReference "SwiftfulRecursiveUI" */,
				11194DB72DA3FD7B0039AFC3 /* XCRemoteSwiftPackageReference "SwiftfulRouting" */,
			);
			productRefGroup = 115A96D82B739F4F00E0566F /* Products */;
			projectDirPath = "";
			projectRoot = "";
			targets = (
				115A96D62B739F4F00E0566F /* YourNotes */,
			);
		};
/* End PBXProject section */

/* Begin PBXResourcesBuildPhase section */
		115A96D52B739F4F00E0566F /* Resources */ = {
			isa = PBXResourcesBuildPhase;
			buildActionMask = 2147483647;
			files = (
				115A96E22B739F5200E0566F /* Preview Assets.xcassets in Resources */,
				115A96DF2B739F5200E0566F /* Assets.xcassets in Resources */,
			);
			runOnlyForDeploymentPostprocessing = 0;
		};
/* End PBXResourcesBuildPhase section */

/* Begin PBXSourcesBuildPhase section */
		115A96D32B739F4F00E0566F /* Sources */ = {
			isa = PBXSourcesBuildPhase;
			buildActionMask = 2147483647;
			files = (
				11194DBD2DA402A90039AFC3 /* NoteCardView.swift in Sources */,
				11194DA22DA3FA5D0039AFC3 /* MockDataManager.swift in Sources */,
				11194DC42DA425270039AFC3 /* CreateNoteView.swift in Sources */,
				11194DB32DA3FC300039AFC3 /* NoteViewModel.swift in Sources */,
				11194DAF2DA3FBFD0039AFC3 /* AppContainer.swift in Sources */,
				11194DBB2DA3FE850039AFC3 /* ContentView.swift in Sources */,
				11194D992DA3F8110039AFC3 /* Note.swift in Sources */,
				11199AA12DA5435900C9D115 /* ImageLoader.swift in Sources */,
				11194D9E2DA3F9600039AFC3 /* NoteService.swift in Sources */,
				115A96DB2B739F4F00E0566F /* YourNotesApp.swift in Sources */,
				11194DAD2DA3FBD50039AFC3 /* Home.swift in Sources */,
				11194DC62DA43BDE0039AFC3 /* EditNoteView.swift in Sources */,
			);
			runOnlyForDeploymentPostprocessing = 0;
		};
/* End PBXSourcesBuildPhase section */

/* Begin XCBuildConfiguration section */
		115A96E92B739F5200E0566F /* Debug */ = {
			isa = XCBuildConfiguration;
			buildSettings = {
				ALWAYS_SEARCH_USER_PATHS = NO;
				CLANG_ANALYZER_NONNULL = YES;
				CLANG_ANALYZER_NUMBER_OBJECT_CONVERSION = YES_AGGRESSIVE;
				CLANG_CXX_LANGUAGE_STANDARD = "gnu++14";
				CLANG_CXX_LIBRARY = "libc++";
				CLANG_ENABLE_MODULES = YES;
				CLANG_ENABLE_OBJC_ARC = YES;
				CLANG_ENABLE_OBJC_WEAK = YES;
				CLANG_WARN_BLOCK_CAPTURE_AUTORELEASING = YES;
				CLANG_WARN_BOOL_CONVERSION = YES;
				CLANG_WARN_COMMA = YES;
				CLANG_WARN_CONSTANT_CONVERSION = YES;
				CLANG_WARN_DEPRECATED_OBJC_IMPLEMENTATIONS = YES;
				CLANG_WARN_DIRECT_OBJC_ISA_USAGE = YES_ERROR;
				CLANG_WARN_DOCUMENTATION_COMMENTS = YES;
				CLANG_WARN_EMPTY_BODY = YES;
				CLANG_WARN_ENUM_CONVERSION = YES;
				CLANG_WARN_INFINITE_RECURSION = YES;
				CLANG_WARN_INT_CONVERSION = YES;
				CLANG_WARN_NON_LITERAL_NULL_CONVERSION = YES;
				CLANG_WARN_OBJC_IMPLICIT_RETAIN_SELF = YES;
				CLANG_WARN_OBJC_LITERAL_CONVERSION = YES;
				CLANG_WARN_OBJC_ROOT_CLASS = YES_ERROR;
				CLANG_WARN_QUOTED_INCLUDE_IN_FRAMEWORK_HEADER = YES;
				CLANG_WARN_RANGE_LOOP_ANALYSIS = YES;
				CLANG_WARN_STRICT_PROTOTYPES = YES;
				CLANG_WARN_SUSPICIOUS_MOVE = YES;
				CLANG_WARN_UNGUARDED_AVAILABILITY = YES_AGGRESSIVE;
				CLANG_WARN_UNREACHABLE_CODE = YES;
				CLANG_WARN__DUPLICATE_METHOD_MATCH = YES;
				COPY_PHASE_STRIP = NO;
				DEBUG_INFORMATION_FORMAT = dwarf;
				ENABLE_STRICT_OBJC_MSGSEND = YES;
				ENABLE_TESTABILITY = YES;
				GCC_C_LANGUAGE_STANDARD = gnu11;
				GCC_DYNAMIC_NO_PIC = NO;
				GCC_NO_COMMON_BLOCKS = YES;
				GCC_OPTIMIZATION_LEVEL = 0;
				GCC_PREPROCESSOR_DEFINITIONS = (
					"DEBUG=1",
					"$(inherited)",
				);
				GCC_WARN_64_TO_32_BIT_CONVERSION = YES;
				GCC_WARN_ABOUT_RETURN_TYPE = YES_ERROR;
				GCC_WARN_UNDECLARED_SELECTOR = YES;
				GCC_WARN_UNINITIALIZED_AUTOS = YES_AGGRESSIVE;
				GCC_WARN_UNUSED_FUNCTION = YES;
				GCC_WARN_UNUSED_VARIABLE = YES;
				IPHONEOS_DEPLOYMENT_TARGET = 14.4;
				MTL_ENABLE_DEBUG_INFO = INCLUDE_SOURCE;
				MTL_FAST_MATH = YES;
				ONLY_ACTIVE_ARCH = YES;
				SDKROOT = iphoneos;
				SWIFT_ACTIVE_COMPILATION_CONDITIONS = DEBUG;
				SWIFT_OPTIMIZATION_LEVEL = "-Onone";
			};
			name = Debug;
		};
		115A96EA2B739F5200E0566F /* Release */ = {
			isa = XCBuildConfiguration;
			buildSettings = {
				ALWAYS_SEARCH_USER_PATHS = NO;
				CLANG_ANALYZER_NONNULL = YES;
				CLANG_ANALYZER_NUMBER_OBJECT_CONVERSION = YES_AGGRESSIVE;
				CLANG_CXX_LANGUAGE_STANDARD = "gnu++14";
				CLANG_CXX_LIBRARY = "libc++";
				CLANG_ENABLE_MODULES = YES;
				CLANG_ENABLE_OBJC_ARC = YES;
				CLANG_ENABLE_OBJC_WEAK = YES;
				CLANG_WARN_BLOCK_CAPTURE_AUTORELEASING = YES;
				CLANG_WARN_BOOL_CONVERSION = YES;
				CLANG_WARN_COMMA = YES;
				CLANG_WARN_CONSTANT_CONVERSION = YES;
				CLANG_WARN_DEPRECATED_OBJC_IMPLEMENTATIONS = YES;
				CLANG_WARN_DIRECT_OBJC_ISA_USAGE = YES_ERROR;
				CLANG_WARN_DOCUMENTATION_COMMENTS = YES;
				CLANG_WARN_EMPTY_BODY = YES;
				CLANG_WARN_ENUM_CONVERSION = YES;
				CLANG_WARN_INFINITE_RECURSION = YES;
				CLANG_WARN_INT_CONVERSION = YES;
				CLANG_WARN_NON_LITERAL_NULL_CONVERSION = YES;
				CLANG_WARN_OBJC_IMPLICIT_RETAIN_SELF = YES;
				CLANG_WARN_OBJC_LITERAL_CONVERSION = YES;
				CLANG_WARN_OBJC_ROOT_CLASS = YES_ERROR;
				CLANG_WARN_QUOTED_INCLUDE_IN_FRAMEWORK_HEADER = YES;
				CLANG_WARN_RANGE_LOOP_ANALYSIS = YES;
				CLANG_WARN_STRICT_PROTOTYPES = YES;
				CLANG_WARN_SUSPICIOUS_MOVE = YES;
				CLANG_WARN_UNGUARDED_AVAILABILITY = YES_AGGRESSIVE;
				CLANG_WARN_UNREACHABLE_CODE = YES;
				CLANG_WARN__DUPLICATE_METHOD_MATCH = YES;
				COPY_PHASE_STRIP = NO;
				DEBUG_INFORMATION_FORMAT = "dwarf-with-dsym";
				ENABLE_NS_ASSERTIONS = NO;
				ENABLE_STRICT_OBJC_MSGSEND = YES;
				GCC_C_LANGUAGE_STANDARD = gnu11;
				GCC_NO_COMMON_BLOCKS = YES;
				GCC_WARN_64_TO_32_BIT_CONVERSION = YES;
				GCC_WARN_ABOUT_RETURN_TYPE = YES_ERROR;
				GCC_WARN_UNDECLARED_SELECTOR = YES;
				GCC_WARN_UNINITIALIZED_AUTOS = YES_AGGRESSIVE;
				GCC_WARN_UNUSED_FUNCTION = YES;
				GCC_WARN_UNUSED_VARIABLE = YES;
				IPHONEOS_DEPLOYMENT_TARGET = 14.4;
				MTL_ENABLE_DEBUG_INFO = NO;
				MTL_FAST_MATH = YES;
				SDKROOT = iphoneos;
				SWIFT_COMPILATION_MODE = wholemodule;
				SWIFT_OPTIMIZATION_LEVEL = "-O";
				VALIDATE_PRODUCT = YES;
			};
			name = Release;
		};
		115A96EC2B739F5200E0566F /* Debug */ = {
			isa = XCBuildConfiguration;
			buildSettings = {
				ASSETCATALOG_COMPILER_APPICON_NAME = AppIcon;
				ASSETCATALOG_COMPILER_GLOBAL_ACCENT_COLOR_NAME = AccentColor;
				CODE_SIGN_STYLE = Automatic;
				DEVELOPMENT_ASSET_PATHS = "\"YourNotes/Preview Content\"";
				DEVELOPMENT_TEAM = XR9XM6JWCH;
				ENABLE_PREVIEWS = YES;
				INFOPLIST_FILE = YourNotes/Info.plist;
				IPHONEOS_DEPLOYMENT_TARGET = 17.5;
				LD_RUNPATH_SEARCH_PATHS = (
					"$(inherited)",
					"@executable_path/Frameworks",
				);
				PRODUCT_BUNDLE_IDENTIFIER = com.savchenkosash.YourNotes;
				PRODUCT_NAME = "$(TARGET_NAME)";
				SUPPORTED_PLATFORMS = "iphoneos iphonesimulator";
				SUPPORTS_MACCATALYST = NO;
				SUPPORTS_MAC_DESIGNED_FOR_IPHONE_IPAD = NO;
				SUPPORTS_XR_DESIGNED_FOR_IPHONE_IPAD = NO;
				SWIFT_VERSION = 5.0;
				TARGETED_DEVICE_FAMILY = 1;
			};
			name = Debug;
		};
		115A96ED2B739F5200E0566F /* Release */ = {
			isa = XCBuildConfiguration;
			buildSettings = {
				ASSETCATALOG_COMPILER_APPICON_NAME = AppIcon;
				ASSETCATALOG_COMPILER_GLOBAL_ACCENT_COLOR_NAME = AccentColor;
				CODE_SIGN_STYLE = Automatic;
				DEVELOPMENT_ASSET_PATHS = "\"YourNotes/Preview Content\"";
				DEVELOPMENT_TEAM = XR9XM6JWCH;
				ENABLE_PREVIEWS = YES;
				INFOPLIST_FILE = YourNotes/Info.plist;
				IPHONEOS_DEPLOYMENT_TARGET = 17.5;
				LD_RUNPATH_SEARCH_PATHS = (
					"$(inherited)",
					"@executable_path/Frameworks",
				);
				PRODUCT_BUNDLE_IDENTIFIER = com.savchenkosash.YourNotes;
				PRODUCT_NAME = "$(TARGET_NAME)";
				SUPPORTED_PLATFORMS = "iphoneos iphonesimulator";
				SUPPORTS_MACCATALYST = NO;
				SUPPORTS_MAC_DESIGNED_FOR_IPHONE_IPAD = NO;
				SUPPORTS_XR_DESIGNED_FOR_IPHONE_IPAD = NO;
				SWIFT_VERSION = 5.0;
				TARGETED_DEVICE_FAMILY = 1;
			};
			name = Release;
		};
/* End XCBuildConfiguration section */

/* Begin XCConfigurationList section */
		115A96D22B739F4F00E0566F /* Build configuration list for PBXProject "YourNotes" */ = {
			isa = XCConfigurationList;
			buildConfigurations = (
				115A96E92B739F5200E0566F /* Debug */,
				115A96EA2B739F5200E0566F /* Release */,
			);
			defaultConfigurationIsVisible = 0;
			defaultConfigurationName = Release;
		};
		115A96EB2B739F5200E0566F /* Build configuration list for PBXNativeTarget "YourNotes" */ = {
			isa = XCConfigurationList;
			buildConfigurations = (
				115A96EC2B739F5200E0566F /* Debug */,
				115A96ED2B739F5200E0566F /* Release */,
			);
			defaultConfigurationIsVisible = 0;
			defaultConfigurationName = Release;
		};
/* End XCConfigurationList section */

/* Begin XCRemoteSwiftPackageReference section */
		11194DB42DA3FD010039AFC3 /* XCRemoteSwiftPackageReference "SwiftfulRecursiveUI" */ = {
			isa = XCRemoteSwiftPackageReference;
			repositoryURL = "https://github.com/SwiftfulThinking/SwiftfulRecursiveUI";
			requirement = {
				kind = upToNextMajorVersion;
				minimumVersion = 1.0.2;
			};
		};
		11194DB72DA3FD7B0039AFC3 /* XCRemoteSwiftPackageReference "SwiftfulRouting" */ = {
			isa = XCRemoteSwiftPackageReference;
			repositoryURL = "https://github.com/SwiftfulThinking/SwiftfulRouting";
			requirement = {
				kind = upToNextMajorVersion;
				minimumVersion = 5.3.6;
			};
		};
		11DD8FD92B99053E00B9D544 /* XCRemoteSwiftPackageReference "SFSafeSymbols" */ = {
			isa = XCRemoteSwiftPackageReference;
			repositoryURL = "https://github.com/SFSafeSymbols/SFSafeSymbols";
			requirement = {
				kind = exactVersion;
				version = 2.0.0;
			};
		};
/* End XCRemoteSwiftPackageReference section */

/* Begin XCSwiftPackageProductDependency section */
		11194DB52DA3FD010039AFC3 /* SwiftfulRecursiveUI */ = {
			isa = XCSwiftPackageProductDependency;
			package = 11194DB42DA3FD010039AFC3 /* XCRemoteSwiftPackageReference "SwiftfulRecursiveUI" */;
			productName = SwiftfulRecursiveUI;
		};
		11194DB82DA3FD7B0039AFC3 /* SwiftfulRouting */ = {
			isa = XCSwiftPackageProductDependency;
			package = 11194DB72DA3FD7B0039AFC3 /* XCRemoteSwiftPackageReference "SwiftfulRouting" */;
			productName = SwiftfulRouting;
		};
		11DD8FDA2B99053E00B9D544 /* SFSafeSymbols */ = {
			isa = XCSwiftPackageProductDependency;
			package = 11DD8FD92B99053E00B9D544 /* XCRemoteSwiftPackageReference "SFSafeSymbols" */;
			productName = SFSafeSymbols;
		};
/* End XCSwiftPackageProductDependency section */
	};
	rootObject = 115A96CF2B739F4F00E0566F /* Project object */;
}
